
Microsoft Visual Studio Solution File, Format Version 12.00
Project("{FAE04EC0-301F-11D3-BF4B-00C04F79EFBC}") = "gamelib", "gamelib\gamelib.csproj", "{730304DA-90FD-4839-A184-36DBF79C5699}"
EndProject
Global
	GlobalSection(SolutionConfigurationPlatforms) = preSolution
		Debug|Any CPU = Debug|Any CPU
		Release|Any CPU = Release|Any CPU
	EndGlobalSection
	GlobalSection(ProjectConfigurationPlatforms) = postSolution
		{730304DA-90FD-4839-A184-36DBF79C5699}.Debug|Any CPU.ActiveCfg = Debug|Any CPU
		{730304DA-90FD-4839-A184-36DBF79C5699}.Debug|Any CPU.Build.0 = Debug|Any CPU
		{730304DA-90FD-4839-A184-36DBF79C5699}.Release|Any CPU.ActiveCfg = Release|Any CPU
		{730304DA-90FD-4839-A184-36DBF79C5699}.Release|Any CPU.Build.0 = Release|Any CPU
	EndGlobalSection
EndGlobal
